
Microsoft Visual Studio Solution File, Format Version 12.00
# Visual Studio Version 17
VisualStudioVersion = 17.1.32407.343
MinimumVisualStudioVersion = 10.0.40219.1
Project("{8BC9CEB8-8B4A-11D0-8D11-00A0C91BC942}") = "ConsoleApplication1", "ConsoleApplication1\ConsoleApplication1.vcxproj", "{B5293089-DF09-4BBD-ABA4-833A8C1DE2C2}"
EndProject
Project("{8BC9CEB8-8B4A-11D0-8D11-00A0C91BC942}") = "ConsoleApplication2", "ConsoleApplication2\ConsoleApplication2.vcxproj", "{F55A6712-B55E-4B9C-AF88-AAE92A181BD5}"
EndProject
Global
	GlobalSection(SolutionConfigurationPlatforms) = preSolution
		Debug|x64 = Debug|x64
		Debug|x86 = Debug|x86
		Release|x64 = Release|x64
		Release|x86 = Release|x86
	EndGlobalSection
	GlobalSection(ProjectConfigurationPlatforms) = postSolution
		{B5293089-DF09-4BBD-ABA4-833A8C1DE2C2}.Debug|x64.ActiveCfg = Debug|x64
		{B5293089-DF09-4BBD-ABA4-833A8C1DE2C2}.Debug|x64.Build.0 = Debug|x64
		{B5293089-DF09-4BBD-ABA4-833A8C1DE2C2}.Debug|x86.ActiveCfg = Debug|Win32
		{B5293089-DF09-4BBD-ABA4-833A8C1DE2C2}.Debug|x86.Build.0 = Debug|Win32
		{B5293089-DF09-4BBD-ABA4-833A8C1DE2C2}.Release|x64.ActiveCfg = Release|x64
		{B5293089-DF09-4BBD-ABA4-833A8C1DE2C2}.Release|x64.Build.0 = Release|x64
		{B5293089-DF09-4BBD-ABA4-833A8C1DE2C2}.Release|x86.ActiveCfg = Release|Win32
		{B5293089-DF09-4BBD-ABA4-833A8C1DE2C2}.Release|x86.Build.0 = Release|Win32
		{F55A6712-B55E-4B9C-AF88-AAE92A181BD5}.Debug|x64.ActiveCfg = Debug|x64
		{F55A6712-B55E-4B9C-AF88-AAE92A181BD5}.Debug|x64.Build.0 = Debug|x64
		{F55A6712-B55E-4B9C-AF88-AAE92A181BD5}.Debug|x86.ActiveCfg = Debug|Win32
		{F55A6712-B55E-4B9C-AF88-AAE92A181BD5}.Debug|x86.Build.0 = Debug|Win32
		{F55A6712-B55E-4B9C-AF88-AAE92A181BD5}.Release|x64.ActiveCfg = Release|x64
		{F55A6712-B55E-4B9C-AF88-AAE92A181BD5}.Release|x64.Build.0 = Release|x64
		{F55A6712-B55E-4B9C-AF88-AAE92A181BD5}.Release|x86.ActiveCfg = Release|Win32
		{F55A6712-B55E-4B9C-AF88-AAE92A181BD5}.Release|x86.Build.0 = Release|Win32
	EndGlobalSection
	GlobalSection(SolutionProperties) = preSolution
		HideSolutionNode = FALSE
	EndGlobalSection
	GlobalSection(ExtensibilityGlobals) = postSolution
		SolutionGuid = {9C63902A-B034-4D6E-9CCF-56DBD4E79D61}
	EndGlobalSection
EndGlobal
